<?xml version="1.0" encoding="utf-8"?>
<Project ToolsVersion="4.0" xmlns="http://schemas.microsoft.com/developer/msbuild/2003">
  <ItemGroup>
    <Filter Include="Header Files">
      <UniqueIdentifier>{cb68c3e4-1b4b-4e87-a91c-54c9ad8d47a9}</UniqueIdentifier>
    </Filter>
    <Filter Include="Source Files">
      <UniqueIdentifier>{ec5f3711-1b4f-4f18-ace7-b6461d203b08}</UniqueIdentifier>
    </Filter>
  </ItemGroup>
  <ItemGroup>
    <ClInclude Include="src\asteroids\bullet.h">
      <Filter>Header Files</Filter>
    </ClInclude>
    <ClInclude Include="src\asteroids\collider_aabb.h">
      <Filter>Header Files</Filter>
    </ClInclude>
    <ClInclude Include="src\asteroids\collider_circle.h">
      <Filter>Header Files</Filter>
    </ClInclude>
    <ClInclude Include="src\asteroids\collision_manager.h">
      <Filter>Header Files</Filter>
    </ClInclude>
    <ClInclude Include="src\asteroids\constants.h">
      <Filter>Header Files</Filter>
    </ClInclude>
    <ClInclude Include="src\asteroids\enemy.h">
      <Filter>Header Files</Filter>
    </ClInclude>
    <ClInclude Include="src\asteroids\engine.h">
      <Filter>Header Files</Filter>
    </ClInclude>
    <ClInclude Include="src\asteroids\fuel.h">
      <Filter>Header Files</Filter>
    </ClInclude>
    <ClInclude Include="src\asteroids\game.h">
      <Filter>Header Files</Filter>
    </ClInclude>
    <ClInclude Include="src\asteroids\gameover.h">
      <Filter>Header Files</Filter>
    </ClInclude>
    <ClInclude Include="src\asteroids\health.h">
      <Filter>Header Files</Filter>
    </ClInclude>
    <ClInclude Include="src\asteroids\init.h">
      <Filter>Header Files</Filter>
    </ClInclude>
    <ClInclude Include="src\asteroids\pause.h">
      <Filter>Header Files</Filter>
    </ClInclude>
    <ClInclude Include="src\asteroids\player.h">
      <Filter>Header Files</Filter>
    </ClInclude>
    <ClInclude Include="src\asteroids\powerups.h">
      <Filter>Header Files</Filter>
    </ClInclude>
    <ClInclude Include="src\asteroids\splash.h">
      <Filter>Header Files</Filter>
    </ClInclude>
    <ClInclude Include="src\asteroids\status.h">
      <Filter>Header Files</Filter>
    </ClInclude>
    <ClInclude Include="src\asteroids\particle.h">
      <Filter>Header Files</Filter>
    </ClInclude>
    <ClInclude Include="src\asteroids\button.h">
      <Filter>Header Files</Filter>
    </ClInclude>
    <ClInclude Include="src\asteroids\sprite.h">
      <Filter>Header Files</Filter>
    </ClInclude>
    <ClInclude Include="src\asteroids\main_menu.h">
      <Filter>Header Files</Filter>
    </ClInclude>
    <ClInclude Include="src\asteroids\user_interface.h">
      <Filter>Header Files</Filter>
    </ClInclude>
    <ClInclude Include="src\asteroids\utility.h">
      <Filter>Source Files</Filter>
    </ClInclude>
    <ClInclude Include="src\asteroids\leaderboard.h">
      <Filter>Header Files</Filter>
    </ClInclude>
    <ClInclude Include="src\asteroids\powerup_interaction.h">
      <Filter>Header Files</Filter>
    </ClInclude>
    <ClInclude Include="src\asteroids\score.h">
      <Filter>Header Files</Filter>
    </ClInclude>
    <ClInclude Include="src\asteroids\Obstacle.h">
      <Filter>Header Files</Filter>
    </ClInclude>
    <ClInclude Include="src\asteroids\difficulty_menu.h">
      <Filter>Header Files</Filter>
    </ClInclude>
    <ClInclude Include="src\asteroids\Boss.h">
      <Filter>Header Files</Filter>
    </ClInclude>
    <ClInclude Include="src\asteroids\skin_menu.h">
      <Filter>Header Files</Filter>
    </ClInclude>
    <ClInclude Include="src\asteroids\upgrades_menu.h">
      <Filter>Header Files</Filter>
    </ClInclude>
    <ClInclude Include="src\asteroids\file_manager.h">
      <Filter>Header Files</Filter>
    </ClInclude>
    <ClInclude Include="src\asteroids\currency.h">
      <Filter>Header Files</Filter>
    </ClInclude>
    <ClInclude Include="src\asteroids\weapon.h">
      <Filter>Header Files</Filter>
    </ClInclude>
    <ClInclude Include="src\asteroids\final_boss.h">
      <Filter>Header Files</Filter>
    </ClInclude>
    <ClInclude Include="src\asteroids\statemachine.h">
      <Filter>Header Files</Filter>
    </ClInclude>
  </ItemGroup>
  <ItemGroup>
    <ClCompile Include="src\asteroids\bullet.c">
      <Filter>Source Files</Filter>
    </ClCompile>
    <ClCompile Include="src\asteroids\collider_aabb.c">
      <Filter>Source Files</Filter>
    </ClCompile>
    <ClCompile Include="src\asteroids\collider_circle.c">
      <Filter>Source Files</Filter>
    </ClCompile>
    <ClCompile Include="src\asteroids\collision_manager.c">
      <Filter>Source Files</Filter>
    </ClCompile>
    <ClCompile Include="src\asteroids\enemy.c">
      <Filter>Source Files</Filter>
    </ClCompile>
    <ClCompile Include="src\asteroids\game.c">
      <Filter>Source Files</Filter>
    </ClCompile>
    <ClCompile Include="src\asteroids\gameover.c">
      <Filter>Source Files</Filter>
    </ClCompile>
    <ClCompile Include="src\asteroids\init.c">
      <Filter>Source Files</Filter>
    </ClCompile>
    <ClCompile Include="src\asteroids\main.c">
      <Filter>Source Files</Filter>
    </ClCompile>
    <ClCompile Include="src\asteroids\pause.c">
      <Filter>Source Files</Filter>
    </ClCompile>
    <ClCompile Include="src\asteroids\player.c">
      <Filter>Source Files</Filter>
    </ClCompile>
    <ClCompile Include="src\asteroids\splash.c">
      <Filter>Source Files</Filter>
    </ClCompile>
    <ClCompile Include="src\asteroids\utility.c">
      <Filter>Source Files</Filter>
    </ClCompile>
    <ClCompile Include="src\asteroids\particle.c">
      <Filter>Source Files</Filter>
    </ClCompile>
    <ClCompile Include="src\asteroids\button.c">
      <Filter>Source Files</Filter>
    </ClCompile>
    <ClCompile Include="src\asteroids\constants.c">
      <Filter>Source Files</Filter>
    </ClCompile>
    <ClCompile Include="src\asteroids\main_menu.c">
      <Filter>Source Files</Filter>
    </ClCompile>
    <ClCompile Include="src\asteroids\health.c">
      <Filter>Source Files</Filter>
    </ClCompile>
    <ClCompile Include="src\asteroids\user_interface.c">
      <Filter>Source Files</Filter>
    </ClCompile>
    <ClCompile Include="src\asteroids\leaderboard.c">
      <Filter>Source Files</Filter>
    </ClCompile>
    <ClCompile Include="src\asteroids\powerup_interaction.c">
      <Filter>Source Files</Filter>
    </ClCompile>
    <ClCompile Include="src\asteroids\powerups.c">
      <Filter>Source Files</Filter>
    </ClCompile>
    <ClCompile Include="src\asteroids\score.c">
      <Filter>Source Files</Filter>
    </ClCompile>
    <ClCompile Include="src\asteroids\Obstacle.c">
      <Filter>Source Files</Filter>
    </ClCompile>
    <ClCompile Include="src\asteroids\difficulty_menu.c">
      <Filter>Source Files</Filter>
    </ClCompile>
    <ClCompile Include="src\asteroids\Boss.c">
      <Filter>Source Files</Filter>
    </ClCompile>
    <ClCompile Include="src\asteroids\skin_menu.c">
      <Filter>Source Files</Filter>
    </ClCompile>
    <ClCompile Include="src\asteroids\sprite.c">
      <Filter>Source Files</Filter>
    </ClCompile>
    <ClCompile Include="src\asteroids\upgrades_menu.c">
      <Filter>Source Files</Filter>
    </ClCompile>
    <ClCompile Include="src\asteroids\file_manager.c">
      <Filter>Source Files</Filter>
    </ClCompile>
    <ClCompile Include="src\asteroids\currency.c">
      <Filter>Source Files</Filter>
    </ClCompile>
    <ClCompile Include="src\asteroids\upgrades.h">
      <Filter>Header Files</Filter>
    </ClCompile>
    <ClCompile Include="src\asteroids\upgrades.c">
      <Filter>Source Files</Filter>
    </ClCompile>
    <ClCompile Include="src\asteroids\final_boss.c">
      <Filter>Source Files</Filter>
    </ClCompile>
    <ClCompile Include="src\asteroids\statemachine.c">
      <Filter>Source Files</Filter>
    </ClCompile>
  </ItemGroup>
</Project>